
Microsoft Visual Studio Solution File, Format Version 12.00
# Visual Studio Version 17
VisualStudioVersion = 17.9.34728.123
MinimumVisualStudioVersion = 10.0.40219.1
Project("{2150E333-8FDC-42A3-9474-1A3956D46DE8}") = "FrontEnd", "FrontEnd", "{8C602E7D-1007-42C3-945A-EEF47875AB6A}"
EndProject
Project("{2150E333-8FDC-42A3-9474-1A3956D46DE8}") = "Services", "Services", "{3CF4DE1E-4733-46FD-B486-5483540C266A}"
EndProject
Project("{FAE04EC0-301F-11D3-BF4B-00C04F79EFBC}") = "SaneForce.Services.ProductAPI", "SaneForce.Services.ProductAPI\SaneForce.Services.ProductAPI.csproj", "{2FA9552E-7C02-4F18-8190-E15B6EF25F01}"
EndProject
Project("{FAE04EC0-301F-11D3-BF4B-00C04F79EFBC}") = "SaneForceeUI", "SaneForceeUI\SaneForceeUI.csproj", "{57FBB2E9-5272-4CDC-BC4B-0F4A7409CCEC}"
EndProject
Global
	GlobalSection(SolutionConfigurationPlatforms) = preSolution
		Debug|Any CPU = Debug|Any CPU
		Release|Any CPU = Release|Any CPU
	EndGlobalSection
	GlobalSection(ProjectConfigurationPlatforms) = postSolution
		{2FA9552E-7C02-4F18-8190-E15B6EF25F01}.Debug|Any CPU.ActiveCfg = Debug|Any CPU
		{2FA9552E-7C02-4F18-8190-E15B6EF25F01}.Debug|Any CPU.Build.0 = Debug|Any CPU
		{2FA9552E-7C02-4F18-8190-E15B6EF25F01}.Release|Any CPU.ActiveCfg = Release|Any CPU
		{2FA9552E-7C02-4F18-8190-E15B6EF25F01}.Release|Any CPU.Build.0 = Release|Any CPU
		{57FBB2E9-5272-4CDC-BC4B-0F4A7409CCEC}.Debug|Any CPU.ActiveCfg = Debug|Any CPU
		{57FBB2E9-5272-4CDC-BC4B-0F4A7409CCEC}.Debug|Any CPU.Build.0 = Debug|Any CPU
		{57FBB2E9-5272-4CDC-BC4B-0F4A7409CCEC}.Release|Any CPU.ActiveCfg = Release|Any CPU
		{57FBB2E9-5272-4CDC-BC4B-0F4A7409CCEC}.Release|Any CPU.Build.0 = Release|Any CPU
	EndGlobalSection
	GlobalSection(SolutionProperties) = preSolution
		HideSolutionNode = FALSE
	EndGlobalSection
	GlobalSection(NestedProjects) = preSolution
		{2FA9552E-7C02-4F18-8190-E15B6EF25F01} = {3CF4DE1E-4733-46FD-B486-5483540C266A}
		{57FBB2E9-5272-4CDC-BC4B-0F4A7409CCEC} = {8C602E7D-1007-42C3-945A-EEF47875AB6A}
	EndGlobalSection
	GlobalSection(ExtensibilityGlobals) = postSolution
		SolutionGuid = {1EFBB879-3E6E-4D0F-9DAE-603C3F7EEFE1}
	EndGlobalSection
EndGlobal
